Microsoft Visual Studio Solution File, Format Version 12.00
# Visual Studio Version 17
VisualStudioVersion = 17.5.2.0
MinimumVisualStudioVersion = 10.0.40219.1
Project("{FAE04EC0-301F-11D3-BF4B-00C04F79EFBC}") = "App.Server", "App.Server.csproj", "{F7DAABCB-5599-0EA9-8C86-401CD60FAB19}"
EndProject
Project("{2150E333-8FDC-42A3-9474-1A3956D46DE8}") = "obj", "obj", "{CA285D67-BB6D-2923-29FD-B5A1C6B8EB24}"
EndProject
Project("{2150E333-8FDC-42A3-9474-1A3956D46DE8}") = "Debug", "Debug", "{3DB07252-4F5B-61B7-192E-6C40720DF607}"
EndProject
Project("{2150E333-8FDC-42A3-9474-1A3956D46DE8}") = "net9.0", "net9.0", "{423DF030-E479-861D-2231-1D1BC1956A42}"
EndProject
Project("{2150E333-8FDC-42A3-9474-1A3956D46DE8}") = "linux-x64", "linux-x64", "{A57BB779-65C4-5566-55B6-29A0C6E33E6F}"
EndProject
Project("{FAE04EC0-301F-11D3-BF4B-00C04F79EFBC}") = "WorkerExtensions", "obj\Debug\net9.0\linux-x64\WorkerExtensions\WorkerExtensions.csproj", "{C1E7DE50-4B46-A25F-C1C0-3D4D5F0EAA07}"
EndProject
Global
	GlobalSection(SolutionConfigurationPlatforms) = preSolution
		Debug|Any CPU = Debug|Any CPU
		Release|Any CPU = Release|Any CPU
	EndGlobalSection
	GlobalSection(ProjectConfigurationPlatforms) = postSolution
		{F7DAABCB-5599-0EA9-8C86-401CD60FAB19}.Debug|Any CPU.ActiveCfg = Debug|Any CPU
		{F7DAABCB-5599-0EA9-8C86-401CD60FAB19}.Debug|Any CPU.Build.0 = Debug|Any CPU
		{F7DAABCB-5599-0EA9-8C86-401CD60FAB19}.Release|Any CPU.ActiveCfg = Release|Any CPU
		{F7DAABCB-5599-0EA9-8C86-401CD60FAB19}.Release|Any CPU.Build.0 = Release|Any CPU
		{C1E7DE50-4B46-A25F-C1C0-3D4D5F0EAA07}.Debug|Any CPU.ActiveCfg = Debug|Any CPU
		{C1E7DE50-4B46-A25F-C1C0-3D4D5F0EAA07}.Debug|Any CPU.Build.0 = Debug|Any CPU
		{C1E7DE50-4B46-A25F-C1C0-3D4D5F0EAA07}.Release|Any CPU.ActiveCfg = Release|Any CPU
		{C1E7DE50-4B46-A25F-C1C0-3D4D5F0EAA07}.Release|Any CPU.Build.0 = Release|Any CPU
	EndGlobalSection
	GlobalSection(SolutionProperties) = preSolution
		HideSolutionNode = FALSE
	EndGlobalSection
	GlobalSection(NestedProjects) = preSolution
		{3DB07252-4F5B-61B7-192E-6C40720DF607} = {CA285D67-BB6D-2923-29FD-B5A1C6B8EB24}
		{423DF030-E479-861D-2231-1D1BC1956A42} = {3DB07252-4F5B-61B7-192E-6C40720DF607}
		{A57BB779-65C4-5566-55B6-29A0C6E33E6F} = {423DF030-E479-861D-2231-1D1BC1956A42}
		{C1E7DE50-4B46-A25F-C1C0-3D4D5F0EAA07} = {A57BB779-65C4-5566-55B6-29A0C6E33E6F}
	EndGlobalSection
	GlobalSection(ExtensibilityGlobals) = postSolution
		SolutionGuid = {C75FED37-AB06-4B4C-B5A9-F18C17F413F5}
	EndGlobalSection
EndGlobal
